{
  "requires": true,
  "lockfileVersion": 1,
  "dependencies": {
    "eventemitter3": {
      "version": "4.0.7",
      "resolved": "https://registry.npmjs.org/eventemitter3/-/eventemitter3-4.0.7.tgz",
      "integrity": "sha512-8guHBZCwKnFhYdHr2ysuRWErTwhoN2X8XELRlrRwpmfeY2jjuUN4taQMsULKUVo1K4DvZl+0pgfyoysHxvmvEw=="
    },
    "numcodecs": {
      "version": "0.1.1",
      "resolved": "https://registry.npmjs.org/numcodecs/-/numcodecs-0.1.1.tgz",
      "integrity": "sha512-UjKulZ6GIFKLdBIczEbsoXNZQmiHafpoIdo39YcdecHVGyMKh0+azsfHTrybXm5RZwepqLZv24mkjqGdZGm24Q==",
      "requires": {
        "pako": "^1.0.11"
      }
    },
    "p-finally": {
      "version": "1.0.0",
      "resolved": "https://registry.npmjs.org/p-finally/-/p-finally-1.0.0.tgz",
      "integrity": "sha1-P7z7FbiZpEEjs0ttzBi3JDNqLK4="
    },
    "p-queue": {
      "version": "6.2.0",
      "resolved": "https://registry.npmjs.org/p-queue/-/p-queue-6.2.0.tgz",
      "integrity": "sha512-B2LXNONcyn/G6uz2UBFsGjmSa0e/br3jznlzhEyCXg56c7VhEpiT2pZxGOfv32Q3FSyugAdys9KGpsv3kV+Sbg==",
      "requires": {
        "eventemitter3": "^4.0.0",
        "p-timeout": "^3.1.0"
      }
    },
    "p-timeout": {
      "version": "3.2.0",
      "resolved": "https://registry.npmjs.org/p-timeout/-/p-timeout-3.2.0.tgz",
      "integrity": "sha512-rhIwUycgwwKcP9yTOOFK/AKsAopjjCakVqLHePO3CC6Mir1Z99xT+R63jZxAT5lFZLa2inS5h+ZS2GvR99/FBg==",
      "requires": {
        "p-finally": "^1.0.0"
      }
    },
    "pako": {
      "version": "1.0.11",
      "resolved": "https://registry.npmjs.org/pako/-/pako-1.0.11.tgz",
      "integrity": "sha512-4hLB8Py4zZce5s4yd9XzopqwVv/yGNhV1Bl8NTmCq1763HeK2+EwVTv+leGeL13Dnh2wfbqowVPXCIO0z4taYw=="
    },
    "pngjs": {
      "version": "6.0.0",
      "resolved": "https://registry.npmjs.org/pngjs/-/pngjs-6.0.0.tgz",
      "integrity": "sha512-TRzzuFRRmEoSW/p1KVAmiOgPco2Irlah+bGFCeNfJXxxYGwSw7YwAOAcd7X28K/m5bjBWKsC29KyoMfHbypayg=="
    },
    "zarr": {
      "version": "0.4.0",
      "resolved": "https://registry.npmjs.org/zarr/-/zarr-0.4.0.tgz",
      "integrity": "sha512-zvxdX3aRWxjy6H3OtA7R05NNZvRKxn/7bkNJhUsVKKbNoJ3DBqYERQfzI4WfAV1OTcclqvlYwkQ7DWsGJA5QEw==",
      "requires": {
        "numcodecs": "^0.1.0",
        "p-queue": "6.2.0"
      }
    }
  }
}
